
Microsoft Visual Studio Solution File, Format Version 12.00
# Visual Studio Version 16
VisualStudioVersion = 16.0.29411.108
MinimumVisualStudioVersion = 10.0.40219.1
Project("{FAE04EC0-301F-11D3-BF4B-00C04F79EFBC}") = "Avassy.NetCore.Global.Geo", "Avassy.NetCore.Global.Geo\Avassy.NetCore.Global.Geo.csproj", "{763489CB-B0B8-4C19-9CB9-C59EF1F10773}"
EndProject
Global
	GlobalSection(SolutionConfigurationPlatforms) = preSolution
		Debug|Any CPU = Debug|Any CPU
		Release|Any CPU = Release|Any CPU
	EndGlobalSection
	GlobalSection(ProjectConfigurationPlatforms) = postSolution
		{763489CB-B0B8-4C19-9CB9-C59EF1F10773}.Debug|Any CPU.ActiveCfg = Debug|Any CPU
		{763489CB-B0B8-4C19-9CB9-C59EF1F10773}.Debug|Any CPU.Build.0 = Debug|Any CPU
		{763489CB-B0B8-4C19-9CB9-C59EF1F10773}.Release|Any CPU.ActiveCfg = Release|Any CPU
		{763489CB-B0B8-4C19-9CB9-C59EF1F10773}.Release|Any CPU.Build.0 = Release|Any CPU
	EndGlobalSection
	GlobalSection(SolutionProperties) = preSolution
		HideSolutionNode = FALSE
	EndGlobalSection
	GlobalSection(ExtensibilityGlobals) = postSolution
		SolutionGuid = {F6BB1A49-9DEC-45BE-954F-65EC870F4BC6}
	EndGlobalSection
EndGlobal
