
Microsoft Visual Studio Solution File, Format Version 12.00
# Visual Studio Version 16
VisualStudioVersion = 16.0.29306.81
MinimumVisualStudioVersion = 10.0.40219.1
Project("{9A19103F-16F7-4668-BE54-9A1E7A4F7556}") = "Avassy.AspNetCore.Mvc.ActionFilters", "Avassy.AspNetCore.Mvc.ActionFilters\Avassy.AspNetCore.Mvc.ActionFilters\Avassy.AspNetCore.Mvc.ActionFilters.csproj", "{9E6D2623-9891-4E6C-9575-B445FA026465}"
EndProject
Project("{9A19103F-16F7-4668-BE54-9A1E7A4F7556}") = "Avassy.AspNetCore.Mvc.Extensions", "Avassy.AspNetCore.Mvc.Extensions\Avassy.AspNetCore.Mvc.Extensions\Avassy.AspNetCore.Mvc.Extensions.csproj", "{42F6E77B-A730-4F67-8782-5F6FE3926229}"
EndProject
Project("{9A19103F-16F7-4668-BE54-9A1E7A4F7556}") = "Avassy.AspNetCore.Mvc.InvisibleReCaptcha", "Avassy.AspNetCore.Mvc.InvisibleReCaptcha\Avassy.AspNetCore.Mvc.InvisibleReCaptcha\Avassy.AspNetCore.Mvc.InvisibleReCaptcha.csproj", "{7A013F2E-D176-496F-BB51-7A7CBD819700}"
EndProject
Project("{9A19103F-16F7-4668-BE54-9A1E7A4F7556}") = "Avassy.AspNetCore.Mvc.TagHelpers", "Avassy.AspNetCore.Mvc.TagHelpers\Avassy.AspNetCore.Mvc.TagHelpers\Avassy.AspNetCore.Mvc.TagHelpers.csproj", "{FAA880DF-1028-4990-9F49-9D6674E2515E}"
EndProject
Project("{9A19103F-16F7-4668-BE54-9A1E7A4F7556}") = "Avassy.NetCore.Global.Extensions", "Avassy.NetCore.Global.Extensions\Avassy.NetCore.Global.Extensions\Avassy.NetCore.Global.Extensions.csproj", "{3F21370B-EF42-4F92-A7F0-F5F5328D46EF}"
EndProject
Project("{2150E333-8FDC-42A3-9474-1A3956D46DE8}") = "Demo", "Demo", "{1EA17F9A-70E9-4EB5-8DBD-9FB62B3DABA9}"
EndProject
Project("{2150E333-8FDC-42A3-9474-1A3956D46DE8}") = "Tests", "Tests", "{A16A2D47-986E-48A7-8FC4-55B3BA00AACA}"
EndProject
Project("{9A19103F-16F7-4668-BE54-9A1E7A4F7556}") = "Avassy.Framework.Demo", "Demo\Avassy.Framework.Demo\Avassy.Framework.Demo.csproj", "{3EAC4353-5A27-45C6-BB49-B5DE76A9E51B}"
EndProject
Project("{9A19103F-16F7-4668-BE54-9A1E7A4F7556}") = "Avassy.AspNetCore.Mvc.ActionFilters.Tests", "Tests\Avassy.AspNetCore.Mvc.ActionFilters.Tests\Avassy.AspNetCore.Mvc.ActionFilters.Tests\Avassy.AspNetCore.Mvc.ActionFilters.Tests.csproj", "{79CA35F8-3AD0-4F9C-B355-58B4FD87E2FC}"
EndProject
Project("{9A19103F-16F7-4668-BE54-9A1E7A4F7556}") = "Avassy.AspNetCore.Mvc.Extensions.Tests", "Tests\Avassy.AspNetCore.Mvc.Extensions.Tests\Avassy.AspNetCore.Mvc.Extensions.Tests\Avassy.AspNetCore.Mvc.Extensions.Tests.csproj", "{D8A20F7C-25DD-4E7C-A279-2F34A2446485}"
EndProject
Project("{9A19103F-16F7-4668-BE54-9A1E7A4F7556}") = "Avassy.AspNetCore.Mvc.Angular.Tests", "Tests\Avassy.AspNetCore.Mvc.Angular.Tests\Avassy.AspNetCore.Mvc.Angular.Tests\Avassy.AspNetCore.Mvc.Angular.Tests.csproj", "{EF59A453-64BC-4730-8362-9E7134E6B174}"
EndProject
Project("{9A19103F-16F7-4668-BE54-9A1E7A4F7556}") = "Avassy.AspNetCore.Mvc.Angular", "Avassy.AspNetCore.Mvc.Angular\Avassy.AspNetCore.Mvc.Angular\Avassy.AspNetCore.Mvc.Angular.csproj", "{CB348CC7-C3C3-4EC9-A6DE-AD9217C533C1}"
EndProject
Project("{9A19103F-16F7-4668-BE54-9A1E7A4F7556}") = "Avassy.NetCore.Global.Attributes", "Avassy.NetCore.Global.Attributes\Avassy.NetCore.Global.Attributes\Avassy.NetCore.Global.Attributes.csproj", "{C8A91038-1D8E-47F1-A9AA-114A9D3AFAD0}"
EndProject
Project("{FAE04EC0-301F-11D3-BF4B-00C04F79EFBC}") = "Avassy.NetCore.EntityFrameworkCore.Extensions", "Avassy.NetCore.EntityFrameworkCore.Extensions\Avassy.NetCore.EntityFrameworkCore.Extensions\Avassy.NetCore.EntityFrameworkCore.Extensions.csproj", "{BAB7BCF1-405E-4EB1-95BD-2FB0D02DC5DF}"
EndProject
Global
	GlobalSection(SolutionConfigurationPlatforms) = preSolution
		Debug|Any CPU = Debug|Any CPU
		Release|Any CPU = Release|Any CPU
	EndGlobalSection
	GlobalSection(ProjectConfigurationPlatforms) = postSolution
		{9E6D2623-9891-4E6C-9575-B445FA026465}.Debug|Any CPU.ActiveCfg = Debug|Any CPU
		{9E6D2623-9891-4E6C-9575-B445FA026465}.Debug|Any CPU.Build.0 = Debug|Any CPU
		{9E6D2623-9891-4E6C-9575-B445FA026465}.Release|Any CPU.ActiveCfg = Release|Any CPU
		{9E6D2623-9891-4E6C-9575-B445FA026465}.Release|Any CPU.Build.0 = Release|Any CPU
		{42F6E77B-A730-4F67-8782-5F6FE3926229}.Debug|Any CPU.ActiveCfg = Debug|Any CPU
		{42F6E77B-A730-4F67-8782-5F6FE3926229}.Debug|Any CPU.Build.0 = Debug|Any CPU
		{42F6E77B-A730-4F67-8782-5F6FE3926229}.Release|Any CPU.ActiveCfg = Release|Any CPU
		{42F6E77B-A730-4F67-8782-5F6FE3926229}.Release|Any CPU.Build.0 = Release|Any CPU
		{7A013F2E-D176-496F-BB51-7A7CBD819700}.Debug|Any CPU.ActiveCfg = Debug|Any CPU
		{7A013F2E-D176-496F-BB51-7A7CBD819700}.Debug|Any CPU.Build.0 = Debug|Any CPU
		{7A013F2E-D176-496F-BB51-7A7CBD819700}.Release|Any CPU.ActiveCfg = Release|Any CPU
		{7A013F2E-D176-496F-BB51-7A7CBD819700}.Release|Any CPU.Build.0 = Release|Any CPU
		{FAA880DF-1028-4990-9F49-9D6674E2515E}.Debug|Any CPU.ActiveCfg = Debug|Any CPU
		{FAA880DF-1028-4990-9F49-9D6674E2515E}.Debug|Any CPU.Build.0 = Debug|Any CPU
		{FAA880DF-1028-4990-9F49-9D6674E2515E}.Release|Any CPU.ActiveCfg = Release|Any CPU
		{FAA880DF-1028-4990-9F49-9D6674E2515E}.Release|Any CPU.Build.0 = Release|Any CPU
		{3F21370B-EF42-4F92-A7F0-F5F5328D46EF}.Debug|Any CPU.ActiveCfg = Debug|Any CPU
		{3F21370B-EF42-4F92-A7F0-F5F5328D46EF}.Debug|Any CPU.Build.0 = Debug|Any CPU
		{3F21370B-EF42-4F92-A7F0-F5F5328D46EF}.Release|Any CPU.ActiveCfg = Release|Any CPU
		{3F21370B-EF42-4F92-A7F0-F5F5328D46EF}.Release|Any CPU.Build.0 = Release|Any CPU
		{3EAC4353-5A27-45C6-BB49-B5DE76A9E51B}.Debug|Any CPU.ActiveCfg = Debug|Any CPU
		{3EAC4353-5A27-45C6-BB49-B5DE76A9E51B}.Debug|Any CPU.Build.0 = Debug|Any CPU
		{3EAC4353-5A27-45C6-BB49-B5DE76A9E51B}.Release|Any CPU.ActiveCfg = Release|Any CPU
		{3EAC4353-5A27-45C6-BB49-B5DE76A9E51B}.Release|Any CPU.Build.0 = Release|Any CPU
		{79CA35F8-3AD0-4F9C-B355-58B4FD87E2FC}.Debug|Any CPU.ActiveCfg = Debug|Any CPU
		{79CA35F8-3AD0-4F9C-B355-58B4FD87E2FC}.Debug|Any CPU.Build.0 = Debug|Any CPU
		{79CA35F8-3AD0-4F9C-B355-58B4FD87E2FC}.Release|Any CPU.ActiveCfg = Release|Any CPU
		{79CA35F8-3AD0-4F9C-B355-58B4FD87E2FC}.Release|Any CPU.Build.0 = Release|Any CPU
		{D8A20F7C-25DD-4E7C-A279-2F34A2446485}.Debug|Any CPU.ActiveCfg = Debug|Any CPU
		{D8A20F7C-25DD-4E7C-A279-2F34A2446485}.Debug|Any CPU.Build.0 = Debug|Any CPU
		{D8A20F7C-25DD-4E7C-A279-2F34A2446485}.Release|Any CPU.ActiveCfg = Release|Any CPU
		{D8A20F7C-25DD-4E7C-A279-2F34A2446485}.Release|Any CPU.Build.0 = Release|Any CPU
		{EF59A453-64BC-4730-8362-9E7134E6B174}.Debug|Any CPU.ActiveCfg = Debug|Any CPU
		{EF59A453-64BC-4730-8362-9E7134E6B174}.Debug|Any CPU.Build.0 = Debug|Any CPU
		{EF59A453-64BC-4730-8362-9E7134E6B174}.Release|Any CPU.ActiveCfg = Release|Any CPU
		{EF59A453-64BC-4730-8362-9E7134E6B174}.Release|Any CPU.Build.0 = Release|Any CPU
		{CB348CC7-C3C3-4EC9-A6DE-AD9217C533C1}.Debug|Any CPU.ActiveCfg = Debug|Any CPU
		{CB348CC7-C3C3-4EC9-A6DE-AD9217C533C1}.Debug|Any CPU.Build.0 = Debug|Any CPU
		{CB348CC7-C3C3-4EC9-A6DE-AD9217C533C1}.Release|Any CPU.ActiveCfg = Release|Any CPU
		{CB348CC7-C3C3-4EC9-A6DE-AD9217C533C1}.Release|Any CPU.Build.0 = Release|Any CPU
		{C8A91038-1D8E-47F1-A9AA-114A9D3AFAD0}.Debug|Any CPU.ActiveCfg = Debug|Any CPU
		{C8A91038-1D8E-47F1-A9AA-114A9D3AFAD0}.Debug|Any CPU.Build.0 = Debug|Any CPU
		{C8A91038-1D8E-47F1-A9AA-114A9D3AFAD0}.Release|Any CPU.ActiveCfg = Release|Any CPU
		{C8A91038-1D8E-47F1-A9AA-114A9D3AFAD0}.Release|Any CPU.Build.0 = Release|Any CPU
		{BAB7BCF1-405E-4EB1-95BD-2FB0D02DC5DF}.Debug|Any CPU.ActiveCfg = Debug|Any CPU
		{BAB7BCF1-405E-4EB1-95BD-2FB0D02DC5DF}.Debug|Any CPU.Build.0 = Debug|Any CPU
		{BAB7BCF1-405E-4EB1-95BD-2FB0D02DC5DF}.Release|Any CPU.ActiveCfg = Release|Any CPU
		{BAB7BCF1-405E-4EB1-95BD-2FB0D02DC5DF}.Release|Any CPU.Build.0 = Release|Any CPU
	EndGlobalSection
	GlobalSection(SolutionProperties) = preSolution
		HideSolutionNode = FALSE
	EndGlobalSection
	GlobalSection(NestedProjects) = preSolution
		{3EAC4353-5A27-45C6-BB49-B5DE76A9E51B} = {1EA17F9A-70E9-4EB5-8DBD-9FB62B3DABA9}
		{79CA35F8-3AD0-4F9C-B355-58B4FD87E2FC} = {A16A2D47-986E-48A7-8FC4-55B3BA00AACA}
		{D8A20F7C-25DD-4E7C-A279-2F34A2446485} = {A16A2D47-986E-48A7-8FC4-55B3BA00AACA}
		{EF59A453-64BC-4730-8362-9E7134E6B174} = {A16A2D47-986E-48A7-8FC4-55B3BA00AACA}
	EndGlobalSection
	GlobalSection(ExtensibilityGlobals) = postSolution
		SolutionGuid = {4DBF911B-85DA-470D-8954-044641DE7406}
	EndGlobalSection
EndGlobal
