
Microsoft Visual Studio Solution File, Format Version 12.00
# Visual Studio 15
VisualStudioVersion = 15.0.27703.2026
MinimumVisualStudioVersion = 10.0.40219.1
Project("{FAE04EC0-301F-11D3-BF4B-00C04F79EFBC}") = "Avassy.AspNetCore.Mvc.ActionFilters", "Avassy.AspNetCore.Mvc.ActionFilters\Avassy.AspNetCore.Mvc.ActionFilters.csproj", "{572D1F9A-D4DB-4FE2-9B92-B201ECCE0FBF}"
EndProject
Global
	GlobalSection(SolutionConfigurationPlatforms) = preSolution
		Debug|Any CPU = Debug|Any CPU
		Release|Any CPU = Release|Any CPU
	EndGlobalSection
	GlobalSection(ProjectConfigurationPlatforms) = postSolution
		{572D1F9A-D4DB-4FE2-9B92-B201ECCE0FBF}.Debug|Any CPU.ActiveCfg = Debug|Any CPU
		{572D1F9A-D4DB-4FE2-9B92-B201ECCE0FBF}.Debug|Any CPU.Build.0 = Debug|Any CPU
		{572D1F9A-D4DB-4FE2-9B92-B201ECCE0FBF}.Release|Any CPU.ActiveCfg = Release|Any CPU
		{572D1F9A-D4DB-4FE2-9B92-B201ECCE0FBF}.Release|Any CPU.Build.0 = Release|Any CPU
	EndGlobalSection
	GlobalSection(SolutionProperties) = preSolution
		HideSolutionNode = FALSE
	EndGlobalSection
	GlobalSection(ExtensibilityGlobals) = postSolution
		SolutionGuid = {FD894E21-3C4E-4F73-9916-866B38D1FF98}
	EndGlobalSection
EndGlobal
