
Microsoft Visual Studio Solution File, Format Version 12.00
# Visual Studio 15
VisualStudioVersion = 15.0.27703.2026
MinimumVisualStudioVersion = 10.0.40219.1
Project("{FAE04EC0-301F-11D3-BF4B-00C04F79EFBC}") = "Avassy.AspNetCore.Mvc.Extensions", "Avassy.AspNetCore.Mvc.Extensions\Avassy.AspNetCore.Mvc.Extensions.csproj", "{1C5A8211-B5D5-41B8-AD67-B73A747DCA9E}"
EndProject
Global
	GlobalSection(SolutionConfigurationPlatforms) = preSolution
		Debug|Any CPU = Debug|Any CPU
		Release|Any CPU = Release|Any CPU
	EndGlobalSection
	GlobalSection(ProjectConfigurationPlatforms) = postSolution
		{1C5A8211-B5D5-41B8-AD67-B73A747DCA9E}.Debug|Any CPU.ActiveCfg = Debug|Any CPU
		{1C5A8211-B5D5-41B8-AD67-B73A747DCA9E}.Debug|Any CPU.Build.0 = Debug|Any CPU
		{1C5A8211-B5D5-41B8-AD67-B73A747DCA9E}.Release|Any CPU.ActiveCfg = Release|Any CPU
		{1C5A8211-B5D5-41B8-AD67-B73A747DCA9E}.Release|Any CPU.Build.0 = Release|Any CPU
	EndGlobalSection
	GlobalSection(SolutionProperties) = preSolution
		HideSolutionNode = FALSE
	EndGlobalSection
	GlobalSection(ExtensibilityGlobals) = postSolution
		SolutionGuid = {DB88A6E3-7190-40F6-A916-6347995EC3E7}
	EndGlobalSection
EndGlobal
